
Microsoft Visual Studio Solution File, Format Version 12.00
# Visual Studio Version 17
VisualStudioVersion = 17.7.34031.279
MinimumVisualStudioVersion = 10.0.40219.1
Project("{FAE04EC0-301F-11D3-BF4B-00C04F79EFBC}") = "c#jack", "c#jack\c#jack.csproj", "{17E118BA-EFD1-4F32-AF45-5A2A720C9744}"
EndProject
Global
	GlobalSection(SolutionConfigurationPlatforms) = preSolution
		Debug|Any CPU = Debug|Any CPU
		Release|Any CPU = Release|Any CPU
	EndGlobalSection
	GlobalSection(ProjectConfigurationPlatforms) = postSolution
		{17E118BA-EFD1-4F32-AF45-5A2A720C9744}.Debug|Any CPU.ActiveCfg = Debug|Any CPU
		{17E118BA-EFD1-4F32-AF45-5A2A720C9744}.Debug|Any CPU.Build.0 = Debug|Any CPU
		{17E118BA-EFD1-4F32-AF45-5A2A720C9744}.Release|Any CPU.ActiveCfg = Release|Any CPU
		{17E118BA-EFD1-4F32-AF45-5A2A720C9744}.Release|Any CPU.Build.0 = Release|Any CPU
	EndGlobalSection
	GlobalSection(SolutionProperties) = preSolution
		HideSolutionNode = FALSE
	EndGlobalSection
	GlobalSection(ExtensibilityGlobals) = postSolution
		SolutionGuid = {0AD66A36-EA0C-4FEA-88C3-C269C2B3930A}
	EndGlobalSection
EndGlobal
